PODS:
  - GoogleMaps (2.1.1):
    - GoogleMaps/Maps (= 2.1.1)
  - GoogleMaps/Base (2.1.1)
  - GoogleMaps/Maps (2.1.1):
    - GoogleMaps/Base
  - GooglePlaces (2.1.1):
    - GoogleMaps/Base (= 2.1.1)

DEPENDENCIES:
  - GoogleMaps
  - GooglePlaces

SPEC CHECKSUMS:
  GoogleMaps: a5b5bbe47734e2443bde781a6aa64e69fdb6d785
  GooglePlaces: 35636d86e5020cba3856eb988c09a5491de0a65a

PODFILE CHECKSUM: 91382ae8b86cd9db28226b37e798c9d85506ebe4

COCOAPODS: 1.1.1
